
{
    archiveVersion = 1;
    objectVersion = 39;
    objects = 
    {
        000000000000000000000001 = 
        {
            isa = PBXFileReference;
            name = DivContainer.java;
            path = Sources/er/yui/DivContainer.java;
            refType = 2;
        };
        000000000000000000000002 = 
        {
            isa = PBXFileReference;
            name = YUIPanel.java;
            path = Sources/er/yui/YUIPanel.java;
            refType = 2;
        };
        000000000000000000000003 = 
        {
            isa = PBXFileReference;
            name = YUIBody.java;
            path = Sources/er/yui/YUIBody.java;
            refType = 2;
        };
        000000000000000000000004 = 
        {
            isa = PBXFileReference;
            name = YUIFooter.java;
            path = Sources/er/yui/YUIFooter.java;
            refType = 2;
        };
        000000000000000000000005 = 
        {
            isa = PBXFileReference;
            name = YUIHeader.java;
            path = Sources/er/yui/YUIHeader.java;
            refType = 2;
        };
        000000000000000000000006 = 
        {
            isa = PBXFileReference;
            name = YUIShowPanelLink.java;
            path = Sources/er/yui/YUIShowPanelLink.java;
            refType = 2;
        };
        000000000000000000000007 = 
        {
            isa = PBXFileReference;
            name = YUIUtils.java;
            path = Sources/er/yui/YUIUtils.java;
            refType = 2;
        };
        000000000000000000000008 = 
        {
            isa = PBXFileReference;
            name = YUITooltip.java;
            path = Sources/er/yui/YUITooltip.java;
            refType = 2;
        };
        000000000000000000000009 = 
        {
            isa = PBXFileReference;
            name = Properties;
            path = Properties;
            refType = 2;
        };
        00000000000000000000000a = 
        {
            isa = PBXFileReference;
            name = CustomInfo.plist;
            path = CustomInfo.plist;
            refType = 2;
        };
        00000000000000000000000b = 
        {
            isa = PBXFileReference;
            name = YUIPanel.api;
            path = Components/YUIPanel.api;
            refType = 2;
        };
        00000000000000000000000c = 
        {
            isa = PBXFileReference;
            name = YUIHeader.api;
            path = Components/YUIHeader.api;
            refType = 2;
        };
        00000000000000000000000d = 
        {
            isa = PBXFileReference;
            name = YUIBody.api;
            path = Components/YUIBody.api;
            refType = 2;
        };
        00000000000000000000000e = 
        {
            isa = PBXFileReference;
            name = YUIFooter.api;
            path = Components/YUIFooter.api;
            refType = 2;
        };
        00000000000000000000000f = 
        {
            isa = PBXFileReference;
            name = YUIShowPanelLink.api;
            path = Components/YUIShowPanelLink.api;
            refType = 2;
        };
        000000000000000000000010 = 
        {
            isa = PBXFileReference;
            name = YUITooltip.api;
            path = Components/YUITooltip.api;
            refType = 2;
        };
        000000000000000000000011 = 
        {
            isa = PBXFileReference;
            name = "animation-debug.js";
            path = "WebServerResources/animation/animation-debug.js";
            refType = 2;
        };
        000000000000000000000012 = 
        {
            isa = PBXFileReference;
            name = "animation-min.js";
            path = "WebServerResources/animation/animation-min.js";
            refType = 2;
        };
        000000000000000000000013 = 
        {
            isa = PBXFileReference;
            name = animation.js;
            path = WebServerResources/animation/animation.js;
            refType = 2;
        };
        000000000000000000000014 = 
        {
            isa = PBXFileReference;
            name = "autocomplete-debug.js";
            path = "WebServerResources/autocomplete/autocomplete-debug.js";
            refType = 2;
        };
        000000000000000000000015 = 
        {
            isa = PBXFileReference;
            name = "autocomplete-min.js";
            path = "WebServerResources/autocomplete/autocomplete-min.js";
            refType = 2;
        };
        000000000000000000000016 = 
        {
            isa = PBXFileReference;
            name = autocomplete.js;
            path = WebServerResources/autocomplete/autocomplete.js;
            refType = 2;
        };
        000000000000000000000017 = 
        {
            isa = PBXFileReference;
            name = calendar.css;
            path = WebServerResources/calendar/assets/calendar.css;
            refType = 2;
        };
        000000000000000000000018 = 
        {
            isa = PBXFileReference;
            name = callt.gif;
            path = WebServerResources/calendar/assets/callt.gif;
            refType = 2;
        };
        000000000000000000000019 = 
        {
            isa = PBXFileReference;
            name = calrt.gif;
            path = WebServerResources/calendar/assets/calrt.gif;
            refType = 2;
        };
        00000000000000000000001a = 
        {
            isa = PBXFileReference;
            name = calx.gif;
            path = WebServerResources/calendar/assets/calx.gif;
            refType = 2;
        };
        00000000000000000000001b = 
        {
            isa = PBXFileReference;
            name = "calendar-debug.js";
            path = "WebServerResources/calendar/calendar-debug.js";
            refType = 2;
        };
        00000000000000000000001c = 
        {
            isa = PBXFileReference;
            name = "calendar-min.js";
            path = "WebServerResources/calendar/calendar-min.js";
            refType = 2;
        };
        00000000000000000000001d = 
        {
            isa = PBXFileReference;
            name = calendar.js;
            path = WebServerResources/calendar/calendar.js;
            refType = 2;
        };
        00000000000000000000001e = 
        {
            isa = PBXFileReference;
            name = "connection-debug.js";
            path = "WebServerResources/connection/connection-debug.js";
            refType = 2;
        };
        00000000000000000000001f = 
        {
            isa = PBXFileReference;
            name = "connection-min.js";
            path = "WebServerResources/connection/connection-min.js";
            refType = 2;
        };
        000000000000000000000020 = 
        {
            isa = PBXFileReference;
            name = connection.js;
            path = WebServerResources/connection/connection.js;
            refType = 2;
        };
        000000000000000000000021 = 
        {
            isa = PBXFileReference;
            name = alrt16_1.gif;
            path = WebServerResources/container/assets/alrt16_1.gif;
            refType = 2;
        };
        000000000000000000000022 = 
        {
            isa = PBXFileReference;
            name = blck16_1.gif;
            path = WebServerResources/container/assets/blck16_1.gif;
            refType = 2;
        };
        000000000000000000000023 = 
        {
            isa = PBXFileReference;
            name = close12_1.gif;
            path = WebServerResources/container/assets/close12_1.gif;
            refType = 2;
        };
        000000000000000000000024 = 
        {
            isa = PBXFileReference;
            name = container.css;
            path = WebServerResources/container/assets/container.css;
            refType = 2;
        };
        000000000000000000000025 = 
        {
            isa = PBXFileReference;
            name = hlp16_1.gif;
            path = WebServerResources/container/assets/hlp16_1.gif;
            refType = 2;
        };
        000000000000000000000026 = 
        {
            isa = PBXFileReference;
            name = info16_1.gif;
            path = WebServerResources/container/assets/info16_1.gif;
            refType = 2;
        };
        000000000000000000000027 = 
        {
            isa = PBXFileReference;
            name = tip16_1.gif;
            path = WebServerResources/container/assets/tip16_1.gif;
            refType = 2;
        };
        000000000000000000000028 = 
        {
            isa = PBXFileReference;
            name = warn16_1.gif;
            path = WebServerResources/container/assets/warn16_1.gif;
            refType = 2;
        };
        000000000000000000000029 = 
        {
            isa = PBXFileReference;
            name = "container-debug.js";
            path = "WebServerResources/container/container-debug.js";
            refType = 2;
        };
        00000000000000000000002a = 
        {
            isa = PBXFileReference;
            name = "container-min.js";
            path = "WebServerResources/container/container-min.js";
            refType = 2;
        };
        00000000000000000000002b = 
        {
            isa = PBXFileReference;
            name = container.js;
            path = WebServerResources/container/container.js;
            refType = 2;
        };
        00000000000000000000002c = 
        {
            isa = PBXFileReference;
            name = "container_core-debug.js";
            path = "WebServerResources/container/container_core-debug.js";
            refType = 2;
        };
        00000000000000000000002d = 
        {
            isa = PBXFileReference;
            name = "container_core-min.js";
            path = "WebServerResources/container/container_core-min.js";
            refType = 2;
        };
        00000000000000000000002e = 
        {
            isa = PBXFileReference;
            name = container_core.js;
            path = WebServerResources/container/container_core.js;
            refType = 2;
        };
        00000000000000000000002f = 
        {
            isa = PBXFileReference;
            name = "dom-debug.js";
            path = "WebServerResources/dom/dom-debug.js";
            refType = 2;
        };
        000000000000000000000030 = 
        {
            isa = PBXFileReference;
            name = "dom-min.js";
            path = "WebServerResources/dom/dom-min.js";
            refType = 2;
        };
        000000000000000000000031 = 
        {
            isa = PBXFileReference;
            name = dom.js;
            path = WebServerResources/dom/dom.js;
            refType = 2;
        };
        000000000000000000000032 = 
        {
            isa = PBXFileReference;
            name = "dragdrop-debug.js";
            path = "WebServerResources/dragdrop/dragdrop-debug.js";
            refType = 2;
        };
        000000000000000000000033 = 
        {
            isa = PBXFileReference;
            name = "dragdrop-min.js";
            path = "WebServerResources/dragdrop/dragdrop-min.js";
            refType = 2;
        };
        000000000000000000000034 = 
        {
            isa = PBXFileReference;
            name = dragdrop.js;
            path = WebServerResources/dragdrop/dragdrop.js;
            refType = 2;
        };
        000000000000000000000035 = 
        {
            isa = PBXFileReference;
            name = "event-debug.js";
            path = "WebServerResources/event/event-debug.js";
            refType = 2;
        };
        000000000000000000000036 = 
        {
            isa = PBXFileReference;
            name = "event-min.js";
            path = "WebServerResources/event/event-min.js";
            refType = 2;
        };
        000000000000000000000037 = 
        {
            isa = PBXFileReference;
            name = event.js;
            path = WebServerResources/event/event.js;
            refType = 2;
        };
        000000000000000000000038 = 
        {
            isa = PBXFileReference;
            name = "fonts-min.css";
            path = "WebServerResources/fonts/fonts-min.css";
            refType = 2;
        };
        000000000000000000000039 = 
        {
            isa = PBXFileReference;
            name = fonts.css;
            path = WebServerResources/fonts/fonts.css;
            refType = 2;
        };
        00000000000000000000003a = 
        {
            isa = PBXFileReference;
            name = "grids-min.css";
            path = "WebServerResources/grids/grids-min.css";
            refType = 2;
        };
        00000000000000000000003b = 
        {
            isa = PBXFileReference;
            name = grids.css;
            path = WebServerResources/grids/grids.css;
            refType = 2;
        };
        00000000000000000000003c = 
        {
            isa = PBXFileReference;
            name = logger.css;
            path = WebServerResources/logger/assets/logger.css;
            refType = 2;
        };
        00000000000000000000003d = 
        {
            isa = PBXFileReference;
            name = "logger-debug.js";
            path = "WebServerResources/logger/logger-debug.js";
            refType = 2;
        };
        00000000000000000000003e = 
        {
            isa = PBXFileReference;
            name = "logger-min.js";
            path = "WebServerResources/logger/logger-min.js";
            refType = 2;
        };
        00000000000000000000003f = 
        {
            isa = PBXFileReference;
            name = logger.js;
            path = WebServerResources/logger/logger.js;
            refType = 2;
        };
        000000000000000000000040 = 
        {
            isa = PBXFileReference;
            name = menu.css;
            path = WebServerResources/menu/assets/menu.css;
            refType = 2;
        };
        000000000000000000000041 = 
        {
            isa = PBXFileReference;
            name = menuarodwn8_dim_1.gif;
            path = WebServerResources/menu/assets/menuarodwn8_dim_1.gif;
            refType = 2;
        };
        000000000000000000000042 = 
        {
            isa = PBXFileReference;
            name = menuarodwn8_hov_1.gif;
            path = WebServerResources/menu/assets/menuarodwn8_hov_1.gif;
            refType = 2;
        };
        000000000000000000000043 = 
        {
            isa = PBXFileReference;
            name = menuarodwn8_nrm_1.gif;
            path = WebServerResources/menu/assets/menuarodwn8_nrm_1.gif;
            refType = 2;
        };
        000000000000000000000044 = 
        {
            isa = PBXFileReference;
            name = menuarorght8_dim_1.gif;
            path = WebServerResources/menu/assets/menuarorght8_dim_1.gif;
            refType = 2;
        };
        000000000000000000000045 = 
        {
            isa = PBXFileReference;
            name = menuarorght8_hov_1.gif;
            path = WebServerResources/menu/assets/menuarorght8_hov_1.gif;
            refType = 2;
        };
        000000000000000000000046 = 
        {
            isa = PBXFileReference;
            name = menuarorght8_nrm_1.gif;
            path = WebServerResources/menu/assets/menuarorght8_nrm_1.gif;
            refType = 2;
        };
        000000000000000000000047 = 
        {
            isa = PBXFileReference;
            name = menuchk8_dim_1.gif;
            path = WebServerResources/menu/assets/menuchk8_dim_1.gif;
            refType = 2;
        };
        000000000000000000000048 = 
        {
            isa = PBXFileReference;
            name = menuchk8_hov_1.gif;
            path = WebServerResources/menu/assets/menuchk8_hov_1.gif;
            refType = 2;
        };
        000000000000000000000049 = 
        {
            isa = PBXFileReference;
            name = menuchk8_nrm_1.gif;
            path = WebServerResources/menu/assets/menuchk8_nrm_1.gif;
            refType = 2;
        };
        00000000000000000000004a = 
        {
            isa = PBXFileReference;
            name = "menu-debug.js";
            path = "WebServerResources/menu/menu-debug.js";
            refType = 2;
        };
        00000000000000000000004b = 
        {
            isa = PBXFileReference;
            name = "menu-min.js";
            path = "WebServerResources/menu/menu-min.js";
            refType = 2;
        };
        00000000000000000000004c = 
        {
            isa = PBXFileReference;
            name = menu.js;
            path = WebServerResources/menu/menu.js;
            refType = 2;
        };
        00000000000000000000004d = 
        {
            isa = PBXFileReference;
            name = "reset-min.css";
            path = "WebServerResources/reset/reset-min.css";
            refType = 2;
        };
        00000000000000000000004e = 
        {
            isa = PBXFileReference;
            name = reset.css;
            path = WebServerResources/reset/reset.css;
            refType = 2;
        };
        00000000000000000000004f = 
        {
            isa = PBXFileReference;
            name = "slider-debug.js";
            path = "WebServerResources/slider/slider-debug.js";
            refType = 2;
        };
        000000000000000000000050 = 
        {
            isa = PBXFileReference;
            name = "slider-min.js";
            path = "WebServerResources/slider/slider-min.js";
            refType = 2;
        };
        000000000000000000000051 = 
        {
            isa = PBXFileReference;
            name = slider.js;
            path = WebServerResources/slider/slider.js;
            refType = 2;
        };
        000000000000000000000052 = 
        {
            isa = PBXFileReference;
            name = lm.gif;
            path = WebServerResources/treeview/assets/lm.gif;
            refType = 2;
        };
        000000000000000000000053 = 
        {
            isa = PBXFileReference;
            name = lmh.gif;
            path = WebServerResources/treeview/assets/lmh.gif;
            refType = 2;
        };
        000000000000000000000054 = 
        {
            isa = PBXFileReference;
            name = ln.gif;
            path = WebServerResources/treeview/assets/ln.gif;
            refType = 2;
        };
        000000000000000000000055 = 
        {
            isa = PBXFileReference;
            name = loading.gif;
            path = WebServerResources/treeview/assets/loading.gif;
            refType = 2;
        };
        000000000000000000000056 = 
        {
            isa = PBXFileReference;
            name = lp.gif;
            path = WebServerResources/treeview/assets/lp.gif;
            refType = 2;
        };
        000000000000000000000057 = 
        {
            isa = PBXFileReference;
            name = lph.gif;
            path = WebServerResources/treeview/assets/lph.gif;
            refType = 2;
        };
        000000000000000000000058 = 
        {
            isa = PBXFileReference;
            name = tm.gif;
            path = WebServerResources/treeview/assets/tm.gif;
            refType = 2;
        };
        000000000000000000000059 = 
        {
            isa = PBXFileReference;
            name = tmh.gif;
            path = WebServerResources/treeview/assets/tmh.gif;
            refType = 2;
        };
        00000000000000000000005a = 
        {
            isa = PBXFileReference;
            name = tn.gif;
            path = WebServerResources/treeview/assets/tn.gif;
            refType = 2;
        };
        00000000000000000000005b = 
        {
            isa = PBXFileReference;
            name = tp.gif;
            path = WebServerResources/treeview/assets/tp.gif;
            refType = 2;
        };
        00000000000000000000005c = 
        {
            isa = PBXFileReference;
            name = tph.gif;
            path = WebServerResources/treeview/assets/tph.gif;
            refType = 2;
        };
        00000000000000000000005d = 
        {
            isa = PBXFileReference;
            name = tree.css;
            path = WebServerResources/treeview/assets/tree.css;
            refType = 2;
        };
        00000000000000000000005e = 
        {
            isa = PBXFileReference;
            name = vline.gif;
            path = WebServerResources/treeview/assets/vline.gif;
            refType = 2;
        };
        00000000000000000000005f = 
        {
            isa = PBXFileReference;
            name = "treeview-debug.js";
            path = "WebServerResources/treeview/treeview-debug.js";
            refType = 2;
        };
        000000000000000000000060 = 
        {
            isa = PBXFileReference;
            name = "treeview-min.js";
            path = "WebServerResources/treeview/treeview-min.js";
            refType = 2;
        };
        000000000000000000000061 = 
        {
            isa = PBXFileReference;
            name = treeview.js;
            path = WebServerResources/treeview/treeview.js;
            refType = 2;
        };
        000000000000000000000062 = 
        {
            isa = PBXFileReference;
            name = "yahoo-debug.js";
            path = "WebServerResources/yahoo/yahoo-debug.js";
            refType = 2;
        };
        000000000000000000000063 = 
        {
            isa = PBXFileReference;
            name = "yahoo-min.js";
            path = "WebServerResources/yahoo/yahoo-min.js";
            refType = 2;
        };
        000000000000000000000064 = 
        {
            isa = PBXFileReference;
            name = yahoo.js;
            path = WebServerResources/yahoo/yahoo.js;
            refType = 2;
        };
        000000000000000000000065 = 
        {
            isa = PBXFrameworkReference;
            name = JavaWebObjects.framework;
            path = /System/Library/Frameworks/JavaWebObjects.framework;
            refType = 0;
        };
        000000000000000000000066 = 
        {
            isa = PBXFrameworkReference;
            name = JavaFoundation.framework;
            path = /System/Library/Frameworks/JavaFoundation.framework;
            refType = 0;
        };
        000000000000000000000067 = 
        {
            isa = PBXFrameworkReference;
            name = JavaXML.framework;
            path = /System/Library/Frameworks/JavaXML.framework;
            refType = 0;
        };
        000000000000000000000068 = 
        {
            isa = PBXFrameworkReference;
            name = JavaWOExtensions.framework;
            path = /Library/Frameworks/JavaWOExtensions.framework;
            refType = 0;
        };
        000000000000000000000069 = 
        {
            isa = PBXFrameworkReference;
            name = JavaEOAccess.framework;
            path = /System/Library/Frameworks/JavaEOAccess.framework;
            refType = 0;
        };
        00000000000000000000006a = 
        {
            isa = PBXFrameworkReference;
            name = JavaEOControl.framework;
            path = /System/Library/Frameworks/JavaEOControl.framework;
            refType = 0;
        };
        00000000000000000000006b = 
        {
            isa = PBXFrameworkReference;
            name = JavaJDBCAdaptor.framework;
            path = /System/Library/Frameworks/JavaJDBCAdaptor.framework;
            refType = 0;
        };
        00000000000000000000006c = 
        {
            isa = PBXFrameworkReference;
            name = Ajax.framework;
            path = "/Volumes/mDT Workspace/workspace/Ajax/build/Ajax.framework";
            refType = 0;
        };
        00000000000000000000006d = 
        {
            isa = PBXFrameworkReference;
            name = Ajax.framework;
            path = /Library/Frameworks/Ajax.framework;
            refType = 0;
        };
        00000000000000000000006e = 
        {
            children = 
            (
               000000000000000000000001, 
               000000000000000000000002, 
               000000000000000000000003, 
               000000000000000000000004, 
               000000000000000000000005, 
               000000000000000000000006, 
               000000000000000000000007, 
               000000000000000000000008
            );
            isa = PBXGroup;
            name = Sources;
            refType = 4;
        };
        00000000000000000000006f = 
        {
            children = 
            (
               000000000000000000000009, 
               00000000000000000000000a, 
               00000000000000000000000b, 
               00000000000000000000000c, 
               00000000000000000000000d, 
               00000000000000000000000e, 
               00000000000000000000000f, 
               000000000000000000000010
            );
            isa = PBXGroup;
            name = Resources;
            refType = 4;
        };
        000000000000000000000070 = 
        {
            children = 
            (
               000000000000000000000011, 
               000000000000000000000012, 
               000000000000000000000013, 
               000000000000000000000014, 
               000000000000000000000015, 
               000000000000000000000016, 
               000000000000000000000017, 
               000000000000000000000018, 
               000000000000000000000019, 
               00000000000000000000001a, 
               00000000000000000000001b, 
               00000000000000000000001c, 
               00000000000000000000001d, 
               00000000000000000000001e, 
               00000000000000000000001f, 
               000000000000000000000020, 
               000000000000000000000021, 
               000000000000000000000022, 
               000000000000000000000023, 
               000000000000000000000024, 
               000000000000000000000025, 
               000000000000000000000026, 
               000000000000000000000027, 
               000000000000000000000028, 
               000000000000000000000029, 
               00000000000000000000002a, 
               00000000000000000000002b, 
               00000000000000000000002c, 
               00000000000000000000002d, 
               00000000000000000000002e, 
               00000000000000000000002f, 
               000000000000000000000030, 
               000000000000000000000031, 
               000000000000000000000032, 
               000000000000000000000033, 
               000000000000000000000034, 
               000000000000000000000035, 
               000000000000000000000036, 
               000000000000000000000037, 
               000000000000000000000038, 
               000000000000000000000039, 
               00000000000000000000003a, 
               00000000000000000000003b, 
               00000000000000000000003c, 
               00000000000000000000003d, 
               00000000000000000000003e, 
               00000000000000000000003f, 
               000000000000000000000040, 
               000000000000000000000041, 
               000000000000000000000042, 
               000000000000000000000043, 
               000000000000000000000044, 
               000000000000000000000045, 
               000000000000000000000046, 
               000000000000000000000047, 
               000000000000000000000048, 
               000000000000000000000049, 
               00000000000000000000004a, 
               00000000000000000000004b, 
               00000000000000000000004c, 
               00000000000000000000004d, 
               00000000000000000000004e, 
               00000000000000000000004f, 
               000000000000000000000050, 
               000000000000000000000051, 
               000000000000000000000052, 
               000000000000000000000053, 
               000000000000000000000054, 
               000000000000000000000055, 
               000000000000000000000056, 
               000000000000000000000057, 
               000000000000000000000058, 
               000000000000000000000059, 
               00000000000000000000005a, 
               00000000000000000000005b, 
               00000000000000000000005c, 
               00000000000000000000005d, 
               00000000000000000000005e, 
               00000000000000000000005f, 
               000000000000000000000060, 
               000000000000000000000061, 
               000000000000000000000062, 
               000000000000000000000063, 
               000000000000000000000064
            );
            isa = PBXGroup;
            name = "Web Server";
            refType = 4;
        };
        000000000000000000000071 = 
        {
            children = 
            (
               000000000000000000000065, 
               000000000000000000000066, 
               000000000000000000000067, 
               000000000000000000000068, 
               000000000000000000000069, 
               00000000000000000000006a, 
               00000000000000000000006b, 
               00000000000000000000006c, 
               00000000000000000000006d
            );
            isa = PBXGroup;
            name = Frameworks;
            refType = 4;
        };
        000000000000000000000072 = 
        {
            children = 
            (
               00000000000000000000006e, 
               00000000000000000000006f, 
               000000000000000000000070, 
               000000000000000000000071
            );
            isa = PBXGroup;
            name = Root;
            refType = 4;
        };
        000000000000000000000073 = 
        {
            fileRef = 000000000000000000000001;
            isa = PBXBuildFile;
        };
        000000000000000000000074 = 
        {
            fileRef = 000000000000000000000002;
            isa = PBXBuildFile;
        };
        000000000000000000000075 = 
        {
            fileRef = 000000000000000000000003;
            isa = PBXBuildFile;
        };
        000000000000000000000076 = 
        {
            fileRef = 000000000000000000000004;
            isa = PBXBuildFile;
        };
        000000000000000000000077 = 
        {
            fileRef = 000000000000000000000005;
            isa = PBXBuildFile;
        };
        000000000000000000000078 = 
        {
            fileRef = 000000000000000000000006;
            isa = PBXBuildFile;
        };
        000000000000000000000079 = 
        {
            fileRef = 000000000000000000000007;
            isa = PBXBuildFile;
        };
        00000000000000000000007a = 
        {
            fileRef = 000000000000000000000008;
            isa = PBXBuildFile;
        };
        00000000000000000000007b = 
        {
            files = 
            (
               000000000000000000000073, 
               000000000000000000000074, 
               000000000000000000000075, 
               000000000000000000000076, 
               000000000000000000000077, 
               000000000000000000000078, 
               000000000000000000000079, 
               00000000000000000000007a
            );
            isa = PBXSourcesBuildPhase;
        };
        00000000000000000000007c = 
        {
            fileRef = 000000000000000000000009;
            isa = PBXBuildFile;
        };
        00000000000000000000007d = 
        {
            fileRef = 00000000000000000000000a;
            isa = PBXBuildFile;
        };
        00000000000000000000007e = 
        {
            fileRef = 00000000000000000000000b;
            isa = PBXBuildFile;
        };
        00000000000000000000007f = 
        {
            fileRef = 00000000000000000000000c;
            isa = PBXBuildFile;
        };
        000000000000000000000080 = 
        {
            fileRef = 00000000000000000000000d;
            isa = PBXBuildFile;
        };
        000000000000000000000081 = 
        {
            fileRef = 00000000000000000000000e;
            isa = PBXBuildFile;
        };
        000000000000000000000082 = 
        {
            fileRef = 00000000000000000000000f;
            isa = PBXBuildFile;
        };
        000000000000000000000083 = 
        {
            fileRef = 000000000000000000000010;
            isa = PBXBuildFile;
        };
        000000000000000000000084 = 
        {
            files = 
            (
               00000000000000000000007c, 
               00000000000000000000007d, 
               00000000000000000000007e, 
               00000000000000000000007f, 
               000000000000000000000080, 
               000000000000000000000081, 
               000000000000000000000082, 
               000000000000000000000083
            );
            isa = PBXResourcesBuildPhase;
        };
        000000000000000000000085 = 
        {
            fileRef = 000000000000000000000011;
            isa = PBXBuildFile;
        };
        000000000000000000000086 = 
        {
            fileRef = 000000000000000000000012;
            isa = PBXBuildFile;
        };
        000000000000000000000087 = 
        {
            fileRef = 000000000000000000000013;
            isa = PBXBuildFile;
        };
        000000000000000000000088 = 
        {
            fileRef = 000000000000000000000014;
            isa = PBXBuildFile;
        };
        000000000000000000000089 = 
        {
            fileRef = 000000000000000000000015;
            isa = PBXBuildFile;
        };
        00000000000000000000008a = 
        {
            fileRef = 000000000000000000000016;
            isa = PBXBuildFile;
        };
        00000000000000000000008b = 
        {
            fileRef = 000000000000000000000017;
            isa = PBXBuildFile;
        };
        00000000000000000000008c = 
        {
            fileRef = 000000000000000000000018;
            isa = PBXBuildFile;
        };
        00000000000000000000008d = 
        {
            fileRef = 000000000000000000000019;
            isa = PBXBuildFile;
        };
        00000000000000000000008e = 
        {
            fileRef = 00000000000000000000001a;
            isa = PBXBuildFile;
        };
        00000000000000000000008f = 
        {
            fileRef = 00000000000000000000001b;
            isa = PBXBuildFile;
        };
        000000000000000000000090 = 
        {
            fileRef = 00000000000000000000001c;
            isa = PBXBuildFile;
        };
        000000000000000000000091 = 
        {
            fileRef = 00000000000000000000001d;
            isa = PBXBuildFile;
        };
        000000000000000000000092 = 
        {
            fileRef = 00000000000000000000001e;
            isa = PBXBuildFile;
        };
        000000000000000000000093 = 
        {
            fileRef = 00000000000000000000001f;
            isa = PBXBuildFile;
        };
        000000000000000000000094 = 
        {
            fileRef = 000000000000000000000020;
            isa = PBXBuildFile;
        };
        000000000000000000000095 = 
        {
            fileRef = 000000000000000000000021;
            isa = PBXBuildFile;
        };
        000000000000000000000096 = 
        {
            fileRef = 000000000000000000000022;
            isa = PBXBuildFile;
        };
        000000000000000000000097 = 
        {
            fileRef = 000000000000000000000023;
            isa = PBXBuildFile;
        };
        000000000000000000000098 = 
        {
            fileRef = 000000000000000000000024;
            isa = PBXBuildFile;
        };
        000000000000000000000099 = 
        {
            fileRef = 000000000000000000000025;
            isa = PBXBuildFile;
        };
        00000000000000000000009a = 
        {
            fileRef = 000000000000000000000026;
            isa = PBXBuildFile;
        };
        00000000000000000000009b = 
        {
            fileRef = 000000000000000000000027;
            isa = PBXBuildFile;
        };
        00000000000000000000009c = 
        {
            fileRef = 000000000000000000000028;
            isa = PBXBuildFile;
        };
        00000000000000000000009d = 
        {
            fileRef = 000000000000000000000029;
            isa = PBXBuildFile;
        };
        00000000000000000000009e = 
        {
            fileRef = 00000000000000000000002a;
            isa = PBXBuildFile;
        };
        00000000000000000000009f = 
        {
            fileRef = 00000000000000000000002b;
            isa = PBXBuildFile;
        };
        0000000000000000000000a0 = 
        {
            fileRef = 00000000000000000000002c;
            isa = PBXBuildFile;
        };
        0000000000000000000000a1 = 
        {
            fileRef = 00000000000000000000002d;
            isa = PBXBuildFile;
        };
        0000000000000000000000a2 = 
        {
            fileRef = 00000000000000000000002e;
            isa = PBXBuildFile;
        };
        0000000000000000000000a3 = 
        {
            fileRef = 00000000000000000000002f;
            isa = PBXBuildFile;
        };
        0000000000000000000000a4 = 
        {
            fileRef = 000000000000000000000030;
            isa = PBXBuildFile;
        };
        0000000000000000000000a5 = 
        {
            fileRef = 000000000000000000000031;
            isa = PBXBuildFile;
        };
        0000000000000000000000a6 = 
        {
            fileRef = 000000000000000000000032;
            isa = PBXBuildFile;
        };
        0000000000000000000000a7 = 
        {
            fileRef = 000000000000000000000033;
            isa = PBXBuildFile;
        };
        0000000000000000000000a8 = 
        {
            fileRef = 000000000000000000000034;
            isa = PBXBuildFile;
        };
        0000000000000000000000a9 = 
        {
            fileRef = 000000000000000000000035;
            isa = PBXBuildFile;
        };
        0000000000000000000000aa = 
        {
            fileRef = 000000000000000000000036;
            isa = PBXBuildFile;
        };
        0000000000000000000000ab = 
        {
            fileRef = 000000000000000000000037;
            isa = PBXBuildFile;
        };
        0000000000000000000000ac = 
        {
            fileRef = 000000000000000000000038;
            isa = PBXBuildFile;
        };
        0000000000000000000000ad = 
        {
            fileRef = 000000000000000000000039;
            isa = PBXBuildFile;
        };
        0000000000000000000000ae = 
        {
            fileRef = 00000000000000000000003a;
            isa = PBXBuildFile;
        };
        0000000000000000000000af = 
        {
            fileRef = 00000000000000000000003b;
            isa = PBXBuildFile;
        };
        0000000000000000000000b0 = 
        {
            fileRef = 00000000000000000000003c;
            isa = PBXBuildFile;
        };
        0000000000000000000000b1 = 
        {
            fileRef = 00000000000000000000003d;
            isa = PBXBuildFile;
        };
        0000000000000000000000b2 = 
        {
            fileRef = 00000000000000000000003e;
            isa = PBXBuildFile;
        };
        0000000000000000000000b3 = 
        {
            fileRef = 00000000000000000000003f;
            isa = PBXBuildFile;
        };
        0000000000000000000000b4 = 
        {
            fileRef = 000000000000000000000040;
            isa = PBXBuildFile;
        };
        0000000000000000000000b5 = 
        {
            fileRef = 000000000000000000000041;
            isa = PBXBuildFile;
        };
        0000000000000000000000b6 = 
        {
            fileRef = 000000000000000000000042;
            isa = PBXBuildFile;
        };
        0000000000000000000000b7 = 
        {
            fileRef = 000000000000000000000043;
            isa = PBXBuildFile;
        };
        0000000000000000000000b8 = 
        {
            fileRef = 000000000000000000000044;
            isa = PBXBuildFile;
        };
        0000000000000000000000b9 = 
        {
            fileRef = 000000000000000000000045;
            isa = PBXBuildFile;
        };
        0000000000000000000000ba = 
        {
            fileRef = 000000000000000000000046;
            isa = PBXBuildFile;
        };
        0000000000000000000000bb = 
        {
            fileRef = 000000000000000000000047;
            isa = PBXBuildFile;
        };
        0000000000000000000000bc = 
        {
            fileRef = 000000000000000000000048;
            isa = PBXBuildFile;
        };
        0000000000000000000000bd = 
        {
            fileRef = 000000000000000000000049;
            isa = PBXBuildFile;
        };
        0000000000000000000000be = 
        {
            fileRef = 00000000000000000000004a;
            isa = PBXBuildFile;
        };
        0000000000000000000000bf = 
        {
            fileRef = 00000000000000000000004b;
            isa = PBXBuildFile;
        };
        0000000000000000000000c0 = 
        {
            fileRef = 00000000000000000000004c;
            isa = PBXBuildFile;
        };
        0000000000000000000000c1 = 
        {
            fileRef = 00000000000000000000004d;
            isa = PBXBuildFile;
        };
        0000000000000000000000c2 = 
        {
            fileRef = 00000000000000000000004e;
            isa = PBXBuildFile;
        };
        0000000000000000000000c3 = 
        {
            fileRef = 00000000000000000000004f;
            isa = PBXBuildFile;
        };
        0000000000000000000000c4 = 
        {
            fileRef = 000000000000000000000050;
            isa = PBXBuildFile;
        };
        0000000000000000000000c5 = 
        {
            fileRef = 000000000000000000000051;
            isa = PBXBuildFile;
        };
        0000000000000000000000c6 = 
        {
            fileRef = 000000000000000000000052;
            isa = PBXBuildFile;
        };
        0000000000000000000000c7 = 
        {
            fileRef = 000000000000000000000053;
            isa = PBXBuildFile;
        };
        0000000000000000000000c8 = 
        {
            fileRef = 000000000000000000000054;
            isa = PBXBuildFile;
        };
        0000000000000000000000c9 = 
        {
            fileRef = 000000000000000000000055;
            isa = PBXBuildFile;
        };
        0000000000000000000000ca = 
        {
            fileRef = 000000000000000000000056;
            isa = PBXBuildFile;
        };
        0000000000000000000000cb = 
        {
            fileRef = 000000000000000000000057;
            isa = PBXBuildFile;
        };
        0000000000000000000000cc = 
        {
            fileRef = 000000000000000000000058;
            isa = PBXBuildFile;
        };
        0000000000000000000000cd = 
        {
            fileRef = 000000000000000000000059;
            isa = PBXBuildFile;
        };
        0000000000000000000000ce = 
        {
            fileRef = 00000000000000000000005a;
            isa = PBXBuildFile;
        };
        0000000000000000000000cf = 
        {
            fileRef = 00000000000000000000005b;
            isa = PBXBuildFile;
        };
        0000000000000000000000d0 = 
        {
            fileRef = 00000000000000000000005c;
            isa = PBXBuildFile;
        };
        0000000000000000000000d1 = 
        {
            fileRef = 00000000000000000000005d;
            isa = PBXBuildFile;
        };
        0000000000000000000000d2 = 
        {
            fileRef = 00000000000000000000005e;
            isa = PBXBuildFile;
        };
        0000000000000000000000d3 = 
        {
            fileRef = 00000000000000000000005f;
            isa = PBXBuildFile;
        };
        0000000000000000000000d4 = 
        {
            fileRef = 000000000000000000000060;
            isa = PBXBuildFile;
        };
        0000000000000000000000d5 = 
        {
            fileRef = 000000000000000000000061;
            isa = PBXBuildFile;
        };
        0000000000000000000000d6 = 
        {
            fileRef = 000000000000000000000062;
            isa = PBXBuildFile;
        };
        0000000000000000000000d7 = 
        {
            fileRef = 000000000000000000000063;
            isa = PBXBuildFile;
        };
        0000000000000000000000d8 = 
        {
            fileRef = 000000000000000000000064;
            isa = PBXBuildFile;
        };
        0000000000000000000000d9 = 
        {
            files = 
            (
               000000000000000000000085, 
               000000000000000000000086, 
               000000000000000000000087, 
               000000000000000000000088, 
               000000000000000000000089, 
               00000000000000000000008a, 
               00000000000000000000008b, 
               00000000000000000000008c, 
               00000000000000000000008d, 
               00000000000000000000008e, 
               00000000000000000000008f, 
               000000000000000000000090, 
               000000000000000000000091, 
               000000000000000000000092, 
               000000000000000000000093, 
               000000000000000000000094, 
               000000000000000000000095, 
               000000000000000000000096, 
               000000000000000000000097, 
               000000000000000000000098, 
               000000000000000000000099, 
               00000000000000000000009a, 
               00000000000000000000009b, 
               00000000000000000000009c, 
               00000000000000000000009d, 
               00000000000000000000009e, 
               00000000000000000000009f, 
               0000000000000000000000a0, 
               0000000000000000000000a1, 
               0000000000000000000000a2, 
               0000000000000000000000a3, 
               0000000000000000000000a4, 
               0000000000000000000000a5, 
               0000000000000000000000a6, 
               0000000000000000000000a7, 
               0000000000000000000000a8, 
               0000000000000000000000a9, 
               0000000000000000000000aa, 
               0000000000000000000000ab, 
               0000000000000000000000ac, 
               0000000000000000000000ad, 
               0000000000000000000000ae, 
               0000000000000000000000af, 
               0000000000000000000000b0, 
               0000000000000000000000b1, 
               0000000000000000000000b2, 
               0000000000000000000000b3, 
               0000000000000000000000b4, 
               0000000000000000000000b5, 
               0000000000000000000000b6, 
               0000000000000000000000b7, 
               0000000000000000000000b8, 
               0000000000000000000000b9, 
               0000000000000000000000ba, 
               0000000000000000000000bb, 
               0000000000000000000000bc, 
               0000000000000000000000bd, 
               0000000000000000000000be, 
               0000000000000000000000bf, 
               0000000000000000000000c0, 
               0000000000000000000000c1, 
               0000000000000000000000c2, 
               0000000000000000000000c3, 
               0000000000000000000000c4, 
               0000000000000000000000c5, 
               0000000000000000000000c6, 
               0000000000000000000000c7, 
               0000000000000000000000c8, 
               0000000000000000000000c9, 
               0000000000000000000000ca, 
               0000000000000000000000cb, 
               0000000000000000000000cc, 
               0000000000000000000000cd, 
               0000000000000000000000ce, 
               0000000000000000000000cf, 
               0000000000000000000000d0, 
               0000000000000000000000d1, 
               0000000000000000000000d2, 
               0000000000000000000000d3, 
               0000000000000000000000d4, 
               0000000000000000000000d5, 
               0000000000000000000000d6, 
               0000000000000000000000d7, 
               0000000000000000000000d8
            );
            isa = PBXResourcesBuildPhase;
        };
        0000000000000000000000da = 
        {
            fileRef = 000000000000000000000065;
            isa = PBXBuildFile;
        };
        0000000000000000000000db = 
        {
            fileRef = 000000000000000000000066;
            isa = PBXBuildFile;
        };
        0000000000000000000000dc = 
        {
            fileRef = 000000000000000000000067;
            isa = PBXBuildFile;
        };
        0000000000000000000000dd = 
        {
            fileRef = 000000000000000000000068;
            isa = PBXBuildFile;
        };
        0000000000000000000000de = 
        {
            fileRef = 000000000000000000000069;
            isa = PBXBuildFile;
        };
        0000000000000000000000df = 
        {
            fileRef = 00000000000000000000006a;
            isa = PBXBuildFile;
        };
        0000000000000000000000e0 = 
        {
            fileRef = 00000000000000000000006b;
            isa = PBXBuildFile;
        };
        0000000000000000000000e1 = 
        {
            fileRef = 00000000000000000000006c;
            isa = PBXBuildFile;
        };
        0000000000000000000000e2 = 
        {
            fileRef = 00000000000000000000006d;
            isa = PBXBuildFile;
        };
        0000000000000000000000e3 = 
        {
            files = 
            (
               0000000000000000000000da, 
               0000000000000000000000db, 
               0000000000000000000000dc, 
               0000000000000000000000dd, 
               0000000000000000000000de, 
               0000000000000000000000df, 
               0000000000000000000000e0, 
               0000000000000000000000e1, 
               0000000000000000000000e2
            );
            isa = PBXFrameworksBuildPhase;
        };
        0000000000000000000000e4 = 
        {
            files = 
            ();
            isa = PBXSourcesBuildPhase;
        };
        0000000000000000000000e5 = 
        {
            files = 
            ();
            isa = PBXResourcesBuildPhase;
        };
        0000000000000000000000e6 = 
        {
            files = 
            ();
            isa = PBXResourcesBuildPhase;
        };
        0000000000000000000000e7 = 
        {
            files = 
            ();
            isa = PBXFrameworksBuildPhase;
        };
        0000000000000000000000e8 = 
        {
            buildSettings = 
            {
                COPY_PHASE_STRIP = NO;
            };
            isa = XCBuildConfiguration;
            name = Debug;
        };
        0000000000000000000000e9 = 
        {
            buildSettings = 
            {
                COPY_PHASE_STRIP = YES;
            };
            isa = XCBuildConfiguration;
            name = Release;
        };
        0000000000000000000000ea = 
        {
            buildSettings = 
            {};
            isa = XCBuildConfiguration;
            name = Default;
        };
        0000000000000000000000eb = 
        {
            buildConfigurations = 
            (
               0000000000000000000000e8, 
               0000000000000000000000e9, 
               0000000000000000000000ea
            );
            defaultConfigurationIsVisible = 0;
            defaultConfigurationName = Default;
            isa = XCConfigurationList;
        };
        0000000000000000000000ec = 
        {
            files = 
            ();
            isa = PBXSourcesBuildPhase;
        };
        0000000000000000000000ed = 
        {
            files = 
            ();
            isa = PBXResourcesBuildPhase;
        };
        0000000000000000000000ee = 
        {
            fileRef = 000000000000000000000011;
            isa = PBXBuildFile;
        };
        0000000000000000000000ef = 
        {
            fileRef = 000000000000000000000012;
            isa = PBXBuildFile;
        };
        0000000000000000000000f0 = 
        {
            fileRef = 000000000000000000000013;
            isa = PBXBuildFile;
        };
        0000000000000000000000f1 = 
        {
            fileRef = 000000000000000000000014;
            isa = PBXBuildFile;
        };
        0000000000000000000000f2 = 
        {
            fileRef = 000000000000000000000015;
            isa = PBXBuildFile;
        };
        0000000000000000000000f3 = 
        {
            fileRef = 000000000000000000000016;
            isa = PBXBuildFile;
        };
        0000000000000000000000f4 = 
        {
            fileRef = 000000000000000000000017;
            isa = PBXBuildFile;
        };
        0000000000000000000000f5 = 
        {
            fileRef = 000000000000000000000018;
            isa = PBXBuildFile;
        };
        0000000000000000000000f6 = 
        {
            fileRef = 000000000000000000000019;
            isa = PBXBuildFile;
        };
        0000000000000000000000f7 = 
        {
            fileRef = 00000000000000000000001a;
            isa = PBXBuildFile;
        };
        0000000000000000000000f8 = 
        {
            fileRef = 00000000000000000000001b;
            isa = PBXBuildFile;
        };
        0000000000000000000000f9 = 
        {
            fileRef = 00000000000000000000001c;
            isa = PBXBuildFile;
        };
        0000000000000000000000fa = 
        {
            fileRef = 00000000000000000000001d;
            isa = PBXBuildFile;
        };
        0000000000000000000000fb = 
        {
            fileRef = 00000000000000000000001e;
            isa = PBXBuildFile;
        };
        0000000000000000000000fc = 
        {
            fileRef = 00000000000000000000001f;
            isa = PBXBuildFile;
        };
        0000000000000000000000fd = 
        {
            fileRef = 000000000000000000000020;
            isa = PBXBuildFile;
        };
        0000000000000000000000fe = 
        {
            fileRef = 000000000000000000000021;
            isa = PBXBuildFile;
        };
        0000000000000000000000ff = 
        {
            fileRef = 000000000000000000000022;
            isa = PBXBuildFile;
        };
        000000000000000000000100 = 
        {
            fileRef = 000000000000000000000023;
            isa = PBXBuildFile;
        };
        000000000000000000000101 = 
        {
            fileRef = 000000000000000000000024;
            isa = PBXBuildFile;
        };
        000000000000000000000102 = 
        {
            fileRef = 000000000000000000000025;
            isa = PBXBuildFile;
        };
        000000000000000000000103 = 
        {
            fileRef = 000000000000000000000026;
            isa = PBXBuildFile;
        };
        000000000000000000000104 = 
        {
            fileRef = 000000000000000000000027;
            isa = PBXBuildFile;
        };
        000000000000000000000105 = 
        {
            fileRef = 000000000000000000000028;
            isa = PBXBuildFile;
        };
        000000000000000000000106 = 
        {
            fileRef = 000000000000000000000029;
            isa = PBXBuildFile;
        };
        000000000000000000000107 = 
        {
            fileRef = 00000000000000000000002a;
            isa = PBXBuildFile;
        };
        000000000000000000000108 = 
        {
            fileRef = 00000000000000000000002b;
            isa = PBXBuildFile;
        };
        000000000000000000000109 = 
        {
            fileRef = 00000000000000000000002c;
            isa = PBXBuildFile;
        };
        00000000000000000000010a = 
        {
            fileRef = 00000000000000000000002d;
            isa = PBXBuildFile;
        };
        00000000000000000000010b = 
        {
            fileRef = 00000000000000000000002e;
            isa = PBXBuildFile;
        };
        00000000000000000000010c = 
        {
            fileRef = 00000000000000000000002f;
            isa = PBXBuildFile;
        };
        00000000000000000000010d = 
        {
            fileRef = 000000000000000000000030;
            isa = PBXBuildFile;
        };
        00000000000000000000010e = 
        {
            fileRef = 000000000000000000000031;
            isa = PBXBuildFile;
        };
        00000000000000000000010f = 
        {
            fileRef = 000000000000000000000032;
            isa = PBXBuildFile;
        };
        000000000000000000000110 = 
        {
            fileRef = 000000000000000000000033;
            isa = PBXBuildFile;
        };
        000000000000000000000111 = 
        {
            fileRef = 000000000000000000000034;
            isa = PBXBuildFile;
        };
        000000000000000000000112 = 
        {
            fileRef = 000000000000000000000035;
            isa = PBXBuildFile;
        };
        000000000000000000000113 = 
        {
            fileRef = 000000000000000000000036;
            isa = PBXBuildFile;
        };
        000000000000000000000114 = 
        {
            fileRef = 000000000000000000000037;
            isa = PBXBuildFile;
        };
        000000000000000000000115 = 
        {
            fileRef = 000000000000000000000038;
            isa = PBXBuildFile;
        };
        000000000000000000000116 = 
        {
            fileRef = 000000000000000000000039;
            isa = PBXBuildFile;
        };
        000000000000000000000117 = 
        {
            fileRef = 00000000000000000000003a;
            isa = PBXBuildFile;
        };
        000000000000000000000118 = 
        {
            fileRef = 00000000000000000000003b;
            isa = PBXBuildFile;
        };
        000000000000000000000119 = 
        {
            fileRef = 00000000000000000000003c;
            isa = PBXBuildFile;
        };
        00000000000000000000011a = 
        {
            fileRef = 00000000000000000000003d;
            isa = PBXBuildFile;
        };
        00000000000000000000011b = 
        {
            fileRef = 00000000000000000000003e;
            isa = PBXBuildFile;
        };
        00000000000000000000011c = 
        {
            fileRef = 00000000000000000000003f;
            isa = PBXBuildFile;
        };
        00000000000000000000011d = 
        {
            fileRef = 000000000000000000000040;
            isa = PBXBuildFile;
        };
        00000000000000000000011e = 
        {
            fileRef = 000000000000000000000041;
            isa = PBXBuildFile;
        };
        00000000000000000000011f = 
        {
            fileRef = 000000000000000000000042;
            isa = PBXBuildFile;
        };
        000000000000000000000120 = 
        {
            fileRef = 000000000000000000000043;
            isa = PBXBuildFile;
        };
        000000000000000000000121 = 
        {
            fileRef = 000000000000000000000044;
            isa = PBXBuildFile;
        };
        000000000000000000000122 = 
        {
            fileRef = 000000000000000000000045;
            isa = PBXBuildFile;
        };
        000000000000000000000123 = 
        {
            fileRef = 000000000000000000000046;
            isa = PBXBuildFile;
        };
        000000000000000000000124 = 
        {
            fileRef = 000000000000000000000047;
            isa = PBXBuildFile;
        };
        000000000000000000000125 = 
        {
            fileRef = 000000000000000000000048;
            isa = PBXBuildFile;
        };
        000000000000000000000126 = 
        {
            fileRef = 000000000000000000000049;
            isa = PBXBuildFile;
        };
        000000000000000000000127 = 
        {
            fileRef = 00000000000000000000004a;
            isa = PBXBuildFile;
        };
        000000000000000000000128 = 
        {
            fileRef = 00000000000000000000004b;
            isa = PBXBuildFile;
        };
        000000000000000000000129 = 
        {
            fileRef = 00000000000000000000004c;
            isa = PBXBuildFile;
        };
        00000000000000000000012a = 
        {
            fileRef = 00000000000000000000004d;
            isa = PBXBuildFile;
        };
        00000000000000000000012b = 
        {
            fileRef = 00000000000000000000004e;
            isa = PBXBuildFile;
        };
        00000000000000000000012c = 
        {
            fileRef = 00000000000000000000004f;
            isa = PBXBuildFile;
        };
        00000000000000000000012d = 
        {
            fileRef = 000000000000000000000050;
            isa = PBXBuildFile;
        };
        00000000000000000000012e = 
        {
            fileRef = 000000000000000000000051;
            isa = PBXBuildFile;
        };
        00000000000000000000012f = 
        {
            fileRef = 000000000000000000000052;
            isa = PBXBuildFile;
        };
        000000000000000000000130 = 
        {
            fileRef = 000000000000000000000053;
            isa = PBXBuildFile;
        };
        000000000000000000000131 = 
        {
            fileRef = 000000000000000000000054;
            isa = PBXBuildFile;
        };
        000000000000000000000132 = 
        {
            fileRef = 000000000000000000000055;
            isa = PBXBuildFile;
        };
        000000000000000000000133 = 
        {
            fileRef = 000000000000000000000056;
            isa = PBXBuildFile;
        };
        000000000000000000000134 = 
        {
            fileRef = 000000000000000000000057;
            isa = PBXBuildFile;
        };
        000000000000000000000135 = 
        {
            fileRef = 000000000000000000000058;
            isa = PBXBuildFile;
        };
        000000000000000000000136 = 
        {
            fileRef = 000000000000000000000059;
            isa = PBXBuildFile;
        };
        000000000000000000000137 = 
        {
            fileRef = 00000000000000000000005a;
            isa = PBXBuildFile;
        };
        000000000000000000000138 = 
        {
            fileRef = 00000000000000000000005b;
            isa = PBXBuildFile;
        };
        000000000000000000000139 = 
        {
            fileRef = 00000000000000000000005c;
            isa = PBXBuildFile;
        };
        00000000000000000000013a = 
        {
            fileRef = 00000000000000000000005d;
            isa = PBXBuildFile;
        };
        00000000000000000000013b = 
        {
            fileRef = 00000000000000000000005e;
            isa = PBXBuildFile;
        };
        00000000000000000000013c = 
        {
            fileRef = 00000000000000000000005f;
            isa = PBXBuildFile;
        };
        00000000000000000000013d = 
        {
            fileRef = 000000000000000000000060;
            isa = PBXBuildFile;
        };
        00000000000000000000013e = 
        {
            fileRef = 000000000000000000000061;
            isa = PBXBuildFile;
        };
        00000000000000000000013f = 
        {
            fileRef = 000000000000000000000062;
            isa = PBXBuildFile;
        };
        000000000000000000000140 = 
        {
            fileRef = 000000000000000000000063;
            isa = PBXBuildFile;
        };
        000000000000000000000141 = 
        {
            fileRef = 000000000000000000000064;
            isa = PBXBuildFile;
        };
        000000000000000000000142 = 
        {
            files = 
            (
               0000000000000000000000ee, 
               0000000000000000000000ef, 
               0000000000000000000000f0, 
               0000000000000000000000f1, 
               0000000000000000000000f2, 
               0000000000000000000000f3, 
               0000000000000000000000f4, 
               0000000000000000000000f5, 
               0000000000000000000000f6, 
               0000000000000000000000f7, 
               0000000000000000000000f8, 
               0000000000000000000000f9, 
               0000000000000000000000fa, 
               0000000000000000000000fb, 
               0000000000000000000000fc, 
               0000000000000000000000fd, 
               0000000000000000000000fe, 
               0000000000000000000000ff, 
               000000000000000000000100, 
               000000000000000000000101, 
               000000000000000000000102, 
               000000000000000000000103, 
               000000000000000000000104, 
               000000000000000000000105, 
               000000000000000000000106, 
               000000000000000000000107, 
               000000000000000000000108, 
               000000000000000000000109, 
               00000000000000000000010a, 
               00000000000000000000010b, 
               00000000000000000000010c, 
               00000000000000000000010d, 
               00000000000000000000010e, 
               00000000000000000000010f, 
               000000000000000000000110, 
               000000000000000000000111, 
               000000000000000000000112, 
               000000000000000000000113, 
               000000000000000000000114, 
               000000000000000000000115, 
               000000000000000000000116, 
               000000000000000000000117, 
               000000000000000000000118, 
               000000000000000000000119, 
               00000000000000000000011a, 
               00000000000000000000011b, 
               00000000000000000000011c, 
               00000000000000000000011d, 
               00000000000000000000011e, 
               00000000000000000000011f, 
               000000000000000000000120, 
               000000000000000000000121, 
               000000000000000000000122, 
               000000000000000000000123, 
               000000000000000000000124, 
               000000000000000000000125, 
               000000000000000000000126, 
               000000000000000000000127, 
               000000000000000000000128, 
               000000000000000000000129, 
               00000000000000000000012a, 
               00000000000000000000012b, 
               00000000000000000000012c, 
               00000000000000000000012d, 
               00000000000000000000012e, 
               00000000000000000000012f, 
               000000000000000000000130, 
               000000000000000000000131, 
               000000000000000000000132, 
               000000000000000000000133, 
               000000000000000000000134, 
               000000000000000000000135, 
               000000000000000000000136, 
               000000000000000000000137, 
               000000000000000000000138, 
               000000000000000000000139, 
               00000000000000000000013a, 
               00000000000000000000013b, 
               00000000000000000000013c, 
               00000000000000000000013d, 
               00000000000000000000013e, 
               00000000000000000000013f, 
               000000000000000000000140, 
               000000000000000000000141
            );
            isa = PBXResourcesBuildPhase;
        };
        000000000000000000000143 = 
        {
            files = 
            ();
            isa = PBXFrameworksBuildPhase;
        };
        000000000000000000000144 = 
        {
            buildPhases = 
            (
               00000000000000000000007b, 
               000000000000000000000084, 
               0000000000000000000000d9, 
               0000000000000000000000e3
            );
            buildSettings = 
            {};
            isa = PBXToolTarget;
            name = "Application Server";
        };
        000000000000000000000145 = 
        {
            buildArgumentsString = "-emacs $(ACTION)";
            buildConfigurationList = 0000000000000000000000eb;
            buildPhases = 
            (
               0000000000000000000000e4, 
               0000000000000000000000e5, 
               0000000000000000000000e6, 
               0000000000000000000000e7
            );
            buildSettings = 
            {};
            buildToolPath = /Developer/Java/Ant/bin/ant;
            isa = PBXLegacyTarget;
            name = Ant;
            passBuildSettingsInEnvironment = 1;
            productName = Ant;
        };
        000000000000000000000146 = 
        {
            buildPhases = 
            (
               0000000000000000000000ec, 
               0000000000000000000000ed, 
               000000000000000000000142, 
               000000000000000000000143
            );
            buildSettings = 
            {};
            isa = PBXToolTarget;
            name = "Web Server";
        };
        000000000000000000000147 = 
        {
            hasScannedForEncodings = 1;
            isa = PBXProject;
            mainGroup = 000000000000000000000072;
            projectDirPath = .;
            targets = 
            (
               000000000000000000000144, 
               000000000000000000000145, 
               000000000000000000000146
            );
        };
    };
    rootObject = 000000000000000000000147;
}